
Microsoft Visual Studio Solution File, Format Version 12.00
# Visual Studio 15
VisualStudioVersion = 15.0.27703.2000
MinimumVisualStudioVersion = 10.0.40219.1
Project("{FAE04EC0-301F-11D3-BF4B-00C04F79EFBC}") = "Simulator", "Simulator\Simulator.csproj", "{5195074B-E04C-434C-9CBA-B10A756C7DC0}"
EndProject
Project("{FAE04EC0-301F-11D3-BF4B-00C04F79EFBC}") = "BL", "BL\BL.csproj", "{7EEE6913-3E78-4B0D-A52F-A4AA787C599B}"
EndProject
Project("{FAE04EC0-301F-11D3-BF4B-00C04F79EFBC}") = "Common", "Common\Common.csproj", "{69025E0D-0041-4822-A797-449C0D3FFF84}"
EndProject
Project("{FAE04EC0-301F-11D3-BF4B-00C04F79EFBC}") = "DAL", "DAL\DAL.csproj", "{AE303F88-B7CC-44E1-BA65-0F29D8DB4337}"
EndProject
Project("{FAE04EC0-301F-11D3-BF4B-00C04F79EFBC}") = "Repository", "Repository\Repository.csproj", "{0C6306AC-C577-4CC4-A1F4-80ECB532A659}"
EndProject
Project("{FAE04EC0-301F-11D3-BF4B-00C04F79EFBC}") = "Server", "Server\Server.csproj", "{9C19B8CE-B052-45EF-806A-242262F845D4}"
EndProject
Project("{FAE04EC0-301F-11D3-BF4B-00C04F79EFBC}") = "Tests", "Tests\Tests.csproj", "{75AF7A2E-C31B-43B5-8CFF-92F4115EFBAE}"
EndProject
Project("{FAE04EC0-301F-11D3-BF4B-00C04F79EFBC}") = "Client", "Client\Client.csproj", "{8785BEE3-81A7-44C4-9AC2-AED0CE67BD9A}"
EndProject
Global
	GlobalSection(SolutionConfigurationPlatforms) = preSolution
		Debug|Any CPU = Debug|Any CPU
		Debug|ARM = Debug|ARM
		Debug|x64 = Debug|x64
		Debug|x86 = Debug|x86
		Release|Any CPU = Release|Any CPU
		Release|ARM = Release|ARM
		Release|x64 = Release|x64
		Release|x86 = Release|x86
	EndGlobalSection
	GlobalSection(ProjectConfigurationPlatforms) = postSolution
		{5195074B-E04C-434C-9CBA-B10A756C7DC0}.Debug|Any CPU.ActiveCfg = Debug|Any CPU
		{5195074B-E04C-434C-9CBA-B10A756C7DC0}.Debug|Any CPU.Build.0 = Debug|Any CPU
		{5195074B-E04C-434C-9CBA-B10A756C7DC0}.Debug|ARM.ActiveCfg = Debug|Any CPU
		{5195074B-E04C-434C-9CBA-B10A756C7DC0}.Debug|ARM.Build.0 = Debug|Any CPU
		{5195074B-E04C-434C-9CBA-B10A756C7DC0}.Debug|x64.ActiveCfg = Debug|Any CPU
		{5195074B-E04C-434C-9CBA-B10A756C7DC0}.Debug|x64.Build.0 = Debug|Any CPU
		{5195074B-E04C-434C-9CBA-B10A756C7DC0}.Debug|x86.ActiveCfg = Debug|Any CPU
		{5195074B-E04C-434C-9CBA-B10A756C7DC0}.Debug|x86.Build.0 = Debug|Any CPU
		{5195074B-E04C-434C-9CBA-B10A756C7DC0}.Release|Any CPU.ActiveCfg = Release|Any CPU
		{5195074B-E04C-434C-9CBA-B10A756C7DC0}.Release|Any CPU.Build.0 = Release|Any CPU
		{5195074B-E04C-434C-9CBA-B10A756C7DC0}.Release|ARM.ActiveCfg = Release|Any CPU
		{5195074B-E04C-434C-9CBA-B10A756C7DC0}.Release|ARM.Build.0 = Release|Any CPU
		{5195074B-E04C-434C-9CBA-B10A756C7DC0}.Release|x64.ActiveCfg = Release|Any CPU
		{5195074B-E04C-434C-9CBA-B10A756C7DC0}.Release|x64.Build.0 = Release|Any CPU
		{5195074B-E04C-434C-9CBA-B10A756C7DC0}.Release|x86.ActiveCfg = Release|Any CPU
		{5195074B-E04C-434C-9CBA-B10A756C7DC0}.Release|x86.Build.0 = Release|Any CPU
		{7EEE6913-3E78-4B0D-A52F-A4AA787C599B}.Debug|Any CPU.ActiveCfg = Debug|Any CPU
		{7EEE6913-3E78-4B0D-A52F-A4AA787C599B}.Debug|Any CPU.Build.0 = Debug|Any CPU
		{7EEE6913-3E78-4B0D-A52F-A4AA787C599B}.Debug|ARM.ActiveCfg = Debug|Any CPU
		{7EEE6913-3E78-4B0D-A52F-A4AA787C599B}.Debug|ARM.Build.0 = Debug|Any CPU
		{7EEE6913-3E78-4B0D-A52F-A4AA787C599B}.Debug|x64.ActiveCfg = Debug|Any CPU
		{7EEE6913-3E78-4B0D-A52F-A4AA787C599B}.Debug|x64.Build.0 = Debug|Any CPU
		{7EEE6913-3E78-4B0D-A52F-A4AA787C599B}.Debug|x86.ActiveCfg = Debug|Any CPU
		{7EEE6913-3E78-4B0D-A52F-A4AA787C599B}.Debug|x86.Build.0 = Debug|Any CPU
		{7EEE6913-3E78-4B0D-A52F-A4AA787C599B}.Release|Any CPU.ActiveCfg = Release|Any CPU
		{7EEE6913-3E78-4B0D-A52F-A4AA787C599B}.Release|Any CPU.Build.0 = Release|Any CPU
		{7EEE6913-3E78-4B0D-A52F-A4AA787C599B}.Release|ARM.ActiveCfg = Release|Any CPU
		{7EEE6913-3E78-4B0D-A52F-A4AA787C599B}.Release|ARM.Build.0 = Release|Any CPU
		{7EEE6913-3E78-4B0D-A52F-A4AA787C599B}.Release|x64.ActiveCfg = Release|Any CPU
		{7EEE6913-3E78-4B0D-A52F-A4AA787C599B}.Release|x64.Build.0 = Release|Any CPU
		{7EEE6913-3E78-4B0D-A52F-A4AA787C599B}.Release|x86.ActiveCfg = Release|Any CPU
		{7EEE6913-3E78-4B0D-A52F-A4AA787C599B}.Release|x86.Build.0 = Release|Any CPU
		{69025E0D-0041-4822-A797-449C0D3FFF84}.Debug|Any CPU.ActiveCfg = Debug|Any CPU
		{69025E0D-0041-4822-A797-449C0D3FFF84}.Debug|Any CPU.Build.0 = Debug|Any CPU
		{69025E0D-0041-4822-A797-449C0D3FFF84}.Debug|ARM.ActiveCfg = Debug|Any CPU
		{69025E0D-0041-4822-A797-449C0D3FFF84}.Debug|ARM.Build.0 = Debug|Any CPU
		{69025E0D-0041-4822-A797-449C0D3FFF84}.Debug|x64.ActiveCfg = Debug|Any CPU
		{69025E0D-0041-4822-A797-449C0D3FFF84}.Debug|x64.Build.0 = Debug|Any CPU
		{69025E0D-0041-4822-A797-449C0D3FFF84}.Debug|x86.ActiveCfg = Debug|Any CPU
		{69025E0D-0041-4822-A797-449C0D3FFF84}.Debug|x86.Build.0 = Debug|Any CPU
		{69025E0D-0041-4822-A797-449C0D3FFF84}.Release|Any CPU.ActiveCfg = Release|Any CPU
		{69025E0D-0041-4822-A797-449C0D3FFF84}.Release|Any CPU.Build.0 = Release|Any CPU
		{69025E0D-0041-4822-A797-449C0D3FFF84}.Release|ARM.ActiveCfg = Release|Any CPU
		{69025E0D-0041-4822-A797-449C0D3FFF84}.Release|ARM.Build.0 = Release|Any CPU
		{69025E0D-0041-4822-A797-449C0D3FFF84}.Release|x64.ActiveCfg = Release|Any CPU
		{69025E0D-0041-4822-A797-449C0D3FFF84}.Release|x64.Build.0 = Release|Any CPU
		{69025E0D-0041-4822-A797-449C0D3FFF84}.Release|x86.ActiveCfg = Release|Any CPU
		{69025E0D-0041-4822-A797-449C0D3FFF84}.Release|x86.Build.0 = Release|Any CPU
		{AE303F88-B7CC-44E1-BA65-0F29D8DB4337}.Debug|Any CPU.ActiveCfg = Debug|Any CPU
		{AE303F88-B7CC-44E1-BA65-0F29D8DB4337}.Debug|Any CPU.Build.0 = Debug|Any CPU
		{AE303F88-B7CC-44E1-BA65-0F29D8DB4337}.Debug|ARM.ActiveCfg = Debug|Any CPU
		{AE303F88-B7CC-44E1-BA65-0F29D8DB4337}.Debug|ARM.Build.0 = Debug|Any CPU
		{AE303F88-B7CC-44E1-BA65-0F29D8DB4337}.Debug|x64.ActiveCfg = Debug|Any CPU
		{AE303F88-B7CC-44E1-BA65-0F29D8DB4337}.Debug|x64.Build.0 = Debug|Any CPU
		{AE303F88-B7CC-44E1-BA65-0F29D8DB4337}.Debug|x86.ActiveCfg = Debug|Any CPU
		{AE303F88-B7CC-44E1-BA65-0F29D8DB4337}.Debug|x86.Build.0 = Debug|Any CPU
		{AE303F88-B7CC-44E1-BA65-0F29D8DB4337}.Release|Any CPU.ActiveCfg = Release|Any CPU
		{AE303F88-B7CC-44E1-BA65-0F29D8DB4337}.Release|Any CPU.Build.0 = Release|Any CPU
		{AE303F88-B7CC-44E1-BA65-0F29D8DB4337}.Release|ARM.ActiveCfg = Release|Any CPU
		{AE303F88-B7CC-44E1-BA65-0F29D8DB4337}.Release|ARM.Build.0 = Release|Any CPU
		{AE303F88-B7CC-44E1-BA65-0F29D8DB4337}.Release|x64.ActiveCfg = Release|Any CPU
		{AE303F88-B7CC-44E1-BA65-0F29D8DB4337}.Release|x64.Build.0 = Release|Any CPU
		{AE303F88-B7CC-44E1-BA65-0F29D8DB4337}.Release|x86.ActiveCfg = Release|Any CPU
		{AE303F88-B7CC-44E1-BA65-0F29D8DB4337}.Release|x86.Build.0 = Release|Any CPU
		{0C6306AC-C577-4CC4-A1F4-80ECB532A659}.Debug|Any CPU.ActiveCfg = Debug|Any CPU
		{0C6306AC-C577-4CC4-A1F4-80ECB532A659}.Debug|Any CPU.Build.0 = Debug|Any CPU
		{0C6306AC-C577-4CC4-A1F4-80ECB532A659}.Debug|ARM.ActiveCfg = Debug|Any CPU
		{0C6306AC-C577-4CC4-A1F4-80ECB532A659}.Debug|ARM.Build.0 = Debug|Any CPU
		{0C6306AC-C577-4CC4-A1F4-80ECB532A659}.Debug|x64.ActiveCfg = Debug|Any CPU
		{0C6306AC-C577-4CC4-A1F4-80ECB532A659}.Debug|x64.Build.0 = Debug|Any CPU
		{0C6306AC-C577-4CC4-A1F4-80ECB532A659}.Debug|x86.ActiveCfg = Debug|Any CPU
		{0C6306AC-C577-4CC4-A1F4-80ECB532A659}.Debug|x86.Build.0 = Debug|Any CPU
		{0C6306AC-C577-4CC4-A1F4-80ECB532A659}.Release|Any CPU.ActiveCfg = Release|Any CPU
		{0C6306AC-C577-4CC4-A1F4-80ECB532A659}.Release|Any CPU.Build.0 = Release|Any CPU
		{0C6306AC-C577-4CC4-A1F4-80ECB532A659}.Release|ARM.ActiveCfg = Release|Any CPU
		{0C6306AC-C577-4CC4-A1F4-80ECB532A659}.Release|ARM.Build.0 = Release|Any CPU
		{0C6306AC-C577-4CC4-A1F4-80ECB532A659}.Release|x64.ActiveCfg = Release|Any CPU
		{0C6306AC-C577-4CC4-A1F4-80ECB532A659}.Release|x64.Build.0 = Release|Any CPU
		{0C6306AC-C577-4CC4-A1F4-80ECB532A659}.Release|x86.ActiveCfg = Release|Any CPU
		{0C6306AC-C577-4CC4-A1F4-80ECB532A659}.Release|x86.Build.0 = Release|Any CPU
		{9C19B8CE-B052-45EF-806A-242262F845D4}.Debug|Any CPU.ActiveCfg = Debug|Any CPU
		{9C19B8CE-B052-45EF-806A-242262F845D4}.Debug|Any CPU.Build.0 = Debug|Any CPU
		{9C19B8CE-B052-45EF-806A-242262F845D4}.Debug|ARM.ActiveCfg = Debug|Any CPU
		{9C19B8CE-B052-45EF-806A-242262F845D4}.Debug|ARM.Build.0 = Debug|Any CPU
		{9C19B8CE-B052-45EF-806A-242262F845D4}.Debug|x64.ActiveCfg = Debug|Any CPU
		{9C19B8CE-B052-45EF-806A-242262F845D4}.Debug|x64.Build.0 = Debug|Any CPU
		{9C19B8CE-B052-45EF-806A-242262F845D4}.Debug|x86.ActiveCfg = Debug|Any CPU
		{9C19B8CE-B052-45EF-806A-242262F845D4}.Debug|x86.Build.0 = Debug|Any CPU
		{9C19B8CE-B052-45EF-806A-242262F845D4}.Release|Any CPU.ActiveCfg = Release|Any CPU
		{9C19B8CE-B052-45EF-806A-242262F845D4}.Release|Any CPU.Build.0 = Release|Any CPU
		{9C19B8CE-B052-45EF-806A-242262F845D4}.Release|ARM.ActiveCfg = Release|Any CPU
		{9C19B8CE-B052-45EF-806A-242262F845D4}.Release|ARM.Build.0 = Release|Any CPU
		{9C19B8CE-B052-45EF-806A-242262F845D4}.Release|x64.ActiveCfg = Release|Any CPU
		{9C19B8CE-B052-45EF-806A-242262F845D4}.Release|x64.Build.0 = Release|Any CPU
		{9C19B8CE-B052-45EF-806A-242262F845D4}.Release|x86.ActiveCfg = Release|Any CPU
		{9C19B8CE-B052-45EF-806A-242262F845D4}.Release|x86.Build.0 = Release|Any CPU
		{75AF7A2E-C31B-43B5-8CFF-92F4115EFBAE}.Debug|Any CPU.ActiveCfg = Debug|Any CPU
		{75AF7A2E-C31B-43B5-8CFF-92F4115EFBAE}.Debug|Any CPU.Build.0 = Debug|Any CPU
		{75AF7A2E-C31B-43B5-8CFF-92F4115EFBAE}.Debug|ARM.ActiveCfg = Debug|Any CPU
		{75AF7A2E-C31B-43B5-8CFF-92F4115EFBAE}.Debug|ARM.Build.0 = Debug|Any CPU
		{75AF7A2E-C31B-43B5-8CFF-92F4115EFBAE}.Debug|x64.ActiveCfg = Debug|Any CPU
		{75AF7A2E-C31B-43B5-8CFF-92F4115EFBAE}.Debug|x64.Build.0 = Debug|Any CPU
		{75AF7A2E-C31B-43B5-8CFF-92F4115EFBAE}.Debug|x86.ActiveCfg = Debug|Any CPU
		{75AF7A2E-C31B-43B5-8CFF-92F4115EFBAE}.Debug|x86.Build.0 = Debug|Any CPU
		{75AF7A2E-C31B-43B5-8CFF-92F4115EFBAE}.Release|Any CPU.ActiveCfg = Release|Any CPU
		{75AF7A2E-C31B-43B5-8CFF-92F4115EFBAE}.Release|Any CPU.Build.0 = Release|Any CPU
		{75AF7A2E-C31B-43B5-8CFF-92F4115EFBAE}.Release|ARM.ActiveCfg = Release|Any CPU
		{75AF7A2E-C31B-43B5-8CFF-92F4115EFBAE}.Release|ARM.Build.0 = Release|Any CPU
		{75AF7A2E-C31B-43B5-8CFF-92F4115EFBAE}.Release|x64.ActiveCfg = Release|Any CPU
		{75AF7A2E-C31B-43B5-8CFF-92F4115EFBAE}.Release|x64.Build.0 = Release|Any CPU
		{75AF7A2E-C31B-43B5-8CFF-92F4115EFBAE}.Release|x86.ActiveCfg = Release|Any CPU
		{75AF7A2E-C31B-43B5-8CFF-92F4115EFBAE}.Release|x86.Build.0 = Release|Any CPU
		{8785BEE3-81A7-44C4-9AC2-AED0CE67BD9A}.Debug|Any CPU.ActiveCfg = Debug|x86
		{8785BEE3-81A7-44C4-9AC2-AED0CE67BD9A}.Debug|ARM.ActiveCfg = Debug|ARM
		{8785BEE3-81A7-44C4-9AC2-AED0CE67BD9A}.Debug|ARM.Build.0 = Debug|ARM
		{8785BEE3-81A7-44C4-9AC2-AED0CE67BD9A}.Debug|ARM.Deploy.0 = Debug|ARM
		{8785BEE3-81A7-44C4-9AC2-AED0CE67BD9A}.Debug|x64.ActiveCfg = Debug|x64
		{8785BEE3-81A7-44C4-9AC2-AED0CE67BD9A}.Debug|x64.Build.0 = Debug|x64
		{8785BEE3-81A7-44C4-9AC2-AED0CE67BD9A}.Debug|x64.Deploy.0 = Debug|x64
		{8785BEE3-81A7-44C4-9AC2-AED0CE67BD9A}.Debug|x86.ActiveCfg = Debug|x86
		{8785BEE3-81A7-44C4-9AC2-AED0CE67BD9A}.Debug|x86.Build.0 = Debug|x86
		{8785BEE3-81A7-44C4-9AC2-AED0CE67BD9A}.Debug|x86.Deploy.0 = Debug|x86
		{8785BEE3-81A7-44C4-9AC2-AED0CE67BD9A}.Release|Any CPU.ActiveCfg = Release|x86
		{8785BEE3-81A7-44C4-9AC2-AED0CE67BD9A}.Release|ARM.ActiveCfg = Release|ARM
		{8785BEE3-81A7-44C4-9AC2-AED0CE67BD9A}.Release|ARM.Build.0 = Release|ARM
		{8785BEE3-81A7-44C4-9AC2-AED0CE67BD9A}.Release|ARM.Deploy.0 = Release|ARM
		{8785BEE3-81A7-44C4-9AC2-AED0CE67BD9A}.Release|x64.ActiveCfg = Release|x64
		{8785BEE3-81A7-44C4-9AC2-AED0CE67BD9A}.Release|x64.Build.0 = Release|x64
		{8785BEE3-81A7-44C4-9AC2-AED0CE67BD9A}.Release|x64.Deploy.0 = Release|x64
		{8785BEE3-81A7-44C4-9AC2-AED0CE67BD9A}.Release|x86.ActiveCfg = Release|x86
		{8785BEE3-81A7-44C4-9AC2-AED0CE67BD9A}.Release|x86.Build.0 = Release|x86
		{8785BEE3-81A7-44C4-9AC2-AED0CE67BD9A}.Release|x86.Deploy.0 = Release|x86
	EndGlobalSection
	GlobalSection(SolutionProperties) = preSolution
		HideSolutionNode = FALSE
	EndGlobalSection
	GlobalSection(ExtensibilityGlobals) = postSolution
		SolutionGuid = {5083258D-A7B9-40EF-98BE-DA009603B36F}
	EndGlobalSection
EndGlobal
